
Microsoft Visual Studio Solution File, Format Version 12.00
# Visual Studio Version 17
VisualStudioVersion = 17.2.32630.192
MinimumVisualStudioVersion = 10.0.40219.1
Project("{FAE04EC0-301F-11D3-BF4B-00C04F79EFBC}") = "FirstWebApp", "FirstWebApp\FirstWebApp.csproj", "{978EF985-0B6C-41EF-9EA4-A8515FE741DC}"
EndProject
Global
	GlobalSection(SolutionConfigurationPlatforms) = preSolution
		Debug|Any CPU = Debug|Any CPU
		Release|Any CPU = Release|Any CPU
	EndGlobalSection
	GlobalSection(ProjectConfigurationPlatforms) = postSolution
		{978EF985-0B6C-41EF-9EA4-A8515FE741DC}.Debug|Any CPU.ActiveCfg = Debug|Any CPU
		{978EF985-0B6C-41EF-9EA4-A8515FE741DC}.Debug|Any CPU.Build.0 = Debug|Any CPU
		{978EF985-0B6C-41EF-9EA4-A8515FE741DC}.Release|Any CPU.ActiveCfg = Release|Any CPU
		{978EF985-0B6C-41EF-9EA4-A8515FE741DC}.Release|Any CPU.Build.0 = Release|Any CPU
	EndGlobalSection
	GlobalSection(SolutionProperties) = preSolution
		HideSolutionNode = FALSE
	EndGlobalSection
	GlobalSection(ExtensibilityGlobals) = postSolution
		SolutionGuid = {ED653CE9-3CD2-4B85-8176-6FEAACA135D7}
	EndGlobalSection
EndGlobal
