
Microsoft Visual Studio Solution File, Format Version 12.00
# Visual Studio Version 17
VisualStudioVersion = 17.2.32630.192
MinimumVisualStudioVersion = 10.0.40219.1
Project("{FAE04EC0-301F-11D3-BF4B-00C04F79EFBC}") = "Accountion_of_goods", "Accountion_of_goods\Accountion_of_goods.csproj", "{542C335A-E1EE-49F6-A269-79D4028B126B}"
EndProject
Global
	GlobalSection(SolutionConfigurationPlatforms) = preSolution
		Debug|Any CPU = Debug|Any CPU
		Release|Any CPU = Release|Any CPU
	EndGlobalSection
	GlobalSection(ProjectConfigurationPlatforms) = postSolution
		{542C335A-E1EE-49F6-A269-79D4028B126B}.Debug|Any CPU.ActiveCfg = Debug|Any CPU
		{542C335A-E1EE-49F6-A269-79D4028B126B}.Debug|Any CPU.Build.0 = Debug|Any CPU
		{542C335A-E1EE-49F6-A269-79D4028B126B}.Release|Any CPU.ActiveCfg = Release|Any CPU
		{542C335A-E1EE-49F6-A269-79D4028B126B}.Release|Any CPU.Build.0 = Release|Any CPU
	EndGlobalSection
	GlobalSection(SolutionProperties) = preSolution
		HideSolutionNode = FALSE
	EndGlobalSection
	GlobalSection(ExtensibilityGlobals) = postSolution
		SolutionGuid = {999FD14D-363A-4D92-81CF-7F04C0F79448}
	EndGlobalSection
EndGlobal
